# This file is automatically @generated by Cargo.
# It is not intended for manual editing.
version = 4

[[package]]
name = "ade"
version = "0.1.0"
dependencies = [
 "libsarga",
]

[[package]]
name = "aicli"
version = "0.1.0"
dependencies = [
 "libsarga",
]

[[package]]
name = "coreutils"
version = "0.1.0"
dependencies = [
 "libsarga",
]

[[package]]
name = "init"
version = "0.1.0"
dependencies = [
 "libsarga",
]

[[package]]
name = "libsarga"
version = "0.1.0"

[[package]]
name = "nettools"
version = "0.1.0"
dependencies = [
 "libsarga",
]

[[package]]
name = "proc"
version = "0.1.0"
dependencies = [
 "libsarga",
]

[[package]]
name = "sash"
version = "0.1.0"
dependencies = [
 "libsarga",
]

[[package]]
name = "spkg"
version = "0.1.0"
dependencies = [
 "libsarga",
]
